// !$*UTF8*$!
{
	archiveVersion = 1;
	classes = {
	};
	objectVersion = 50;
	objects = {

/* Begin PBXBuildFile section */
		933DB0B0257DB88800CB6FF8 /* main.swift in Sources */ = {isa = PBXBuildFile; fileRef = 933DB0AF257DB88800CB6FF8 /* main.swift */; };
		933DB0B8257DB9D500CB6FF8 /* PushOut.swift in Sources */ = {isa = PBXBuildFile; fileRef = 933DB0B7257DB9D500CB6FF8 /* PushOut.swift */; };
		933DB0BB257DBB3F00CB6FF8 /* Input.swift in Sources */ = {isa = PBXBuildFile; fileRef = 933DB0BA257DBB3F00CB6FF8 /* Input.swift */; };
		933DB0C4257DD92600CB6FF8 /* Stack.swift in Sources */ = {isa = PBXBuildFile; fileRef = 933DB0C3257DD92600CB6FF8 /* Stack.swift */; };
		933DB0C7257DD93E00CB6FF8 /* Queue.swift in Sources */ = {isa = PBXBuildFile; fileRef = 933DB0C6257DD93E00CB6FF8 /* Queue.swift */; };
		933DB0CC257E07E500CB6FF8 /* Print.swift in Sources */ = {isa = PBXBuildFile; fileRef = 933DB0CB257E07E500CB6FF8 /* Print.swift */; };
		933DB0D0257E0BB300CB6FF8 /* Exception.swift in Sources */ = {isa = PBXBuildFile; fileRef = 933DB0CF257E0BB300CB6FF8 /* Exception.swift */; };
		933DB0FF257F0A1300CB6FF8 /* FlatCube.swift in Sources */ = {isa = PBXBuildFile; fileRef = 933DB0FE257F0A1300CB6FF8 /* FlatCube.swift */; };
		933DB10A257F2A9200CB6FF8 /* Enum.swift in Sources */ = {isa = PBXBuildFile; fileRef = 933DB109257F2A9200CB6FF8 /* Enum.swift */; };
		933DB10F258059FF00CB6FF8 /* RubiksCube.swift in Sources */ = {isa = PBXBuildFile; fileRef = 933DB10E258059FF00CB6FF8 /* RubiksCube.swift */; };
		933DB1BC2583041300CB6FF8 /* UserDefaults.swift in Sources */ = {isa = PBXBuildFile; fileRef = 933DB1BB2583041300CB6FF8 /* UserDefaults.swift */; };
		933DB1C0258398A600CB6FF8 /* Extension.swift in Sources */ = {isa = PBXBuildFile; fileRef = 933DB1BF258398A600CB6FF8 /* Extension.swift */; };
/* End PBXBuildFile section */

/* Begin PBXCopyFilesBuildPhase section */
		933DB0AA257DB88800CB6FF8 /* CopyFiles */ = {
			isa = PBXCopyFilesBuildPhase;
			buildActionMask = 2147483647;
			dstPath = /usr/share/man/man1/;
			dstSubfolderSpec = 0;
			files = (
			);
			runOnlyForDeploymentPostprocessing = 1;
		};
/* End PBXCopyFilesBuildPhase section */

/* Begin PBXFileReference section */
		933DB0AC257DB88800CB6FF8 /* Rubik'sCube */ = {isa = PBXFileReference; explicitFileType = "compiled.mach-o.executable"; includeInIndex = 0; path = "Rubik'sCube"; sourceTree = BUILT_PRODUCTS_DIR; };
		933DB0AF257DB88800CB6FF8 /* main.swift */ = {isa = PBXFileReference; lastKnownFileType = sourcecode.swift; path = main.swift; sourceTree = "<group>"; };
		933DB0B7257DB9D500CB6FF8 /* PushOut.swift */ = {isa = PBXFileReference; lastKnownFileType = sourcecode.swift; path = PushOut.swift; sourceTree = "<group>"; };
		933DB0BA257DBB3F00CB6FF8 /* Input.swift */ = {isa = PBXFileReference; lastKnownFileType = sourcecode.swift; path = Input.swift; sourceTree = "<group>"; };
		933DB0C3257DD92600CB6FF8 /* Stack.swift */ = {isa = PBXFileReference; lastKnownFileType = sourcecode.swift; path = Stack.swift; sourceTree = "<group>"; };
		933DB0C6257DD93E00CB6FF8 /* Queue.swift */ = {isa = PBXFileReference; lastKnownFileType = sourcecode.swift; path = Queue.swift; sourceTree = "<group>"; };
		933DB0CB257E07E500CB6FF8 /* Print.swift */ = {isa = PBXFileReference; lastKnownFileType = sourcecode.swift; path = Print.swift; sourceTree = "<group>"; };
		933DB0CF257E0BB300CB6FF8 /* Exception.swift */ = {isa = PBXFileReference; lastKnownFileType = sourcecode.swift; path = Exception.swift; sourceTree = "<group>"; };
		933DB0FE257F0A1300CB6FF8 /* FlatCube.swift */ = {isa = PBXFileReference; lastKnownFileType = sourcecode.swift; path = FlatCube.swift; sourceTree = "<group>"; };
		933DB109257F2A9200CB6FF8 /* Enum.swift */ = {isa = PBXFileReference; lastKnownFileType = sourcecode.swift; path = Enum.swift; sourceTree = "<group>"; };
		933DB10E258059FF00CB6FF8 /* RubiksCube.swift */ = {isa = PBXFileReference; lastKnownFileType = sourcecode.swift; path = RubiksCube.swift; sourceTree = "<group>"; };
		933DB1BB2583041300CB6FF8 /* UserDefaults.swift */ = {isa = PBXFileReference; lastKnownFileType = sourcecode.swift; path = UserDefaults.swift; sourceTree = "<group>"; };
		933DB1BF258398A600CB6FF8 /* Extension.swift */ = {isa = PBXFileReference; lastKnownFileType = sourcecode.swift; path = Extension.swift; sourceTree = "<group>"; };
/* End PBXFileReference section */

/* Begin PBXFrameworksBuildPhase section */
		933DB0A9257DB88800CB6FF8 /* Frameworks */ = {
			isa = PBXFrameworksBuildPhase;
			buildActionMask = 2147483647;
			files = (
			);
			runOnlyForDeploymentPostprocessing = 0;
		};
/* End PBXFrameworksBuildPhase section */

/* Begin PBXGroup section */
		933DB0A3257DB88800CB6FF8 = {
			isa = PBXGroup;
			children = (
				933DB0AE257DB88800CB6FF8 /* Rubik'sCube */,
				933DB0AD257DB88800CB6FF8 /* Products */,
			);
			sourceTree = "<group>";
		};
		933DB0AD257DB88800CB6FF8 /* Products */ = {
			isa = PBXGroup;
			children = (
				933DB0AC257DB88800CB6FF8 /* Rubik'sCube */,
			);
			name = Products;
			sourceTree = "<group>";
		};
		933DB0AE257DB88800CB6FF8 /* Rubik'sCube */ = {
			isa = PBXGroup;
			children = (
				933DB0AF257DB88800CB6FF8 /* main.swift */,
				933DB0BA257DBB3F00CB6FF8 /* Input.swift */,
				933DB0CB257E07E500CB6FF8 /* Print.swift */,
				933DB0CF257E0BB300CB6FF8 /* Exception.swift */,
				933DB1BB2583041300CB6FF8 /* UserDefaults.swift */,
				933DB1BF258398A600CB6FF8 /* Extension.swift */,
				933DB107257F27D200CB6FF8 /* Cube */,
			);
			path = "Rubik'sCube";
			sourceTree = "<group>";
		};
		933DB0C2257DD8DF00CB6FF8 /* pushOut */ = {
			isa = PBXGroup;
			children = (
				933DB0B7257DB9D500CB6FF8 /* PushOut.swift */,
			);
			path = pushOut;
			sourceTree = "<group>";
		};
		933DB102257F0A1700CB6FF8 /* FlatCube */ = {
			isa = PBXGroup;
			children = (
				933DB0FE257F0A1300CB6FF8 /* FlatCube.swift */,
			);
			path = FlatCube;
			sourceTree = "<group>";
		};
		933DB107257F27D200CB6FF8 /* Cube */ = {
			isa = PBXGroup;
			children = (
				933DB0C3257DD92600CB6FF8 /* Stack.swift */,
				933DB0C6257DD93E00CB6FF8 /* Queue.swift */,
				933DB109257F2A9200CB6FF8 /* Enum.swift */,
				933DB0C2257DD8DF00CB6FF8 /* pushOut */,
				933DB102257F0A1700CB6FF8 /* FlatCube */,
				933DB11125805A0400CB6FF8 /* RubiksCube */,
			);
			path = Cube;
			sourceTree = "<group>";
		};
		933DB11125805A0400CB6FF8 /* RubiksCube */ = {
			isa = PBXGroup;
			children = (
				933DB10E258059FF00CB6FF8 /* RubiksCube.swift */,
			);
			path = RubiksCube;
			sourceTree = "<group>";
		};
/* End PBXGroup section */

/* Begin PBXNativeTarget section */
		933DB0AB257DB88800CB6FF8 /* Rubik'sCube */ = {
			isa = PBXNativeTarget;
			buildConfigurationList = 933DB0B3257DB88800CB6FF8 /* Build configuration list for PBXNativeTarget "Rubik'sCube" */;
			buildPhases = (
				933DB0A8257DB88800CB6FF8 /* Sources */,
				933DB0A9257DB88800CB6FF8 /* Frameworks */,
				933DB0AA257DB88800CB6FF8 /* CopyFiles */,
			);
			buildRules = (
			);
			dependencies = (
			);
			name = "Rubik'sCube";
			productName = "Rubik'sCube";
			productReference = 933DB0AC257DB88800CB6FF8 /* Rubik'sCube */;
			productType = "com.apple.product-type.tool";
		};
/* End PBXNativeTarget section */

/* Begin PBXProject section */
		933DB0A4257DB88800CB6FF8 /* Project object */ = {
			isa = PBXProject;
			attributes = {
				LastSwiftUpdateCheck = 1220;
				LastUpgradeCheck = 1220;
				TargetAttributes = {
					933DB0AB257DB88800CB6FF8 = {
						CreatedOnToolsVersion = 12.2;
					};
				};
			};
			buildConfigurationList = 933DB0A7257DB88800CB6FF8 /* Build configuration list for PBXProject "Rubik'sCube" */;
			compatibilityVersion = "Xcode 9.3";
			developmentRegion = en;
			hasScannedForEncodings = 0;
			knownRegions = (
				en,
				Base,
			);
			mainGroup = 933DB0A3257DB88800CB6FF8;
			productRefGroup = 933DB0AD257DB88800CB6FF8 /* Products */;
			projectDirPath = "";
			projectRoot = "";
			targets = (
				933DB0AB257DB88800CB6FF8 /* Rubik'sCube */,
			);
		};
/* End PBXProject section */

/* Begin PBXSourcesBuildPhase section */
		933DB0A8257DB88800CB6FF8 /* Sources */ = {
			isa = PBXSourcesBuildPhase;
			buildActionMask = 2147483647;
			files = (
				933DB0C7257DD93E00CB6FF8 /* Queue.swift in Sources */,
				933DB0CC257E07E500CB6FF8 /* Print.swift in Sources */,
				933DB0C4257DD92600CB6FF8 /* Stack.swift in Sources */,
				933DB1C0258398A600CB6FF8 /* Extension.swift in Sources */,
				933DB1BC2583041300CB6FF8 /* UserDefaults.swift in Sources */,
				933DB0BB257DBB3F00CB6FF8 /* Input.swift in Sources */,
				933DB0B8257DB9D500CB6FF8 /* PushOut.swift in Sources */,
				933DB10A257F2A9200CB6FF8 /* Enum.swift in Sources */,
				933DB0B0257DB88800CB6FF8 /* main.swift in Sources */,
				933DB0D0257E0BB300CB6FF8 /* Exception.swift in Sources */,
				933DB10F258059FF00CB6FF8 /* RubiksCube.swift in Sources */,
				933DB0FF257F0A1300CB6FF8 /* FlatCube.swift in Sources */,
			);
			runOnlyForDeploymentPostprocessing = 0;
		};
/* End PBXSourcesBuildPhase section */

/* Begin XCBuildConfiguration section */
		933DB0B1257DB88800CB6FF8 /* Debug */ = {
			isa = XCBuildConfiguration;
			buildSettings = {
				ALWAYS_SEARCH_USER_PATHS = NO;
				CLANG_ANALYZER_NONNULL = YES;
				CLANG_ANALYZER_NUMBER_OBJECT_CONVERSION = YES_AGGRESSIVE;
				CLANG_CXX_LANGUAGE_STANDARD = "gnu++14";
				CLANG_CXX_LIBRARY = "libc++";
				CLANG_ENABLE_MODULES = YES;
				CLANG_ENABLE_OBJC_ARC = YES;
				CLANG_ENABLE_OBJC_WEAK = YES;
				CLANG_WARN_BLOCK_CAPTURE_AUTORELEASING = YES;
				CLANG_WARN_BOOL_CONVERSION = YES;
				CLANG_WARN_COMMA = YES;
				CLANG_WARN_CONSTANT_CONVERSION = YES;
				CLANG_WARN_DEPRECATED_OBJC_IMPLEMENTATIONS = YES;
				CLANG_WARN_DIRECT_OBJC_ISA_USAGE = YES_ERROR;
				CLANG_WARN_DOCUMENTATION_COMMENTS = YES;
				CLANG_WARN_EMPTY_BODY = YES;
				CLANG_WARN_ENUM_CONVERSION = YES;
				CLANG_WARN_INFINITE_RECURSION = YES;
				CLANG_WARN_INT_CONVERSION = YES;
				CLANG_WARN_NON_LITERAL_NULL_CONVERSION = YES;
				CLANG_WARN_OBJC_IMPLICIT_RETAIN_SELF = YES;
				CLANG_WARN_OBJC_LITERAL_CONVERSION = YES;
				CLANG_WARN_OBJC_ROOT_CLASS = YES_ERROR;
				CLANG_WARN_QUOTED_INCLUDE_IN_FRAMEWORK_HEADER = YES;
				CLANG_WARN_RANGE_LOOP_ANALYSIS = YES;
				CLANG_WARN_STRICT_PROTOTYPES = YES;
				CLANG_WARN_SUSPICIOUS_MOVE = YES;
				CLANG_WARN_UNGUARDED_AVAILABILITY = YES_AGGRESSIVE;
				CLANG_WARN_UNREACHABLE_CODE = YES;
				CLANG_WARN__DUPLICATE_METHOD_MATCH = YES;
				COPY_PHASE_STRIP = NO;
				DEBUG_INFORMATION_FORMAT = dwarf;
				ENABLE_STRICT_OBJC_MSGSEND = YES;
				ENABLE_TESTABILITY = YES;
				GCC_C_LANGUAGE_STANDARD = gnu11;
				GCC_DYNAMIC_NO_PIC = NO;
				GCC_NO_COMMON_BLOCKS = YES;
				GCC_OPTIMIZATION_LEVEL = 0;
				GCC_PREPROCESSOR_DEFINITIONS = (
					"DEBUG=1",
					"$(inherited)",
				);
				GCC_WARN_64_TO_32_BIT_CONVERSION = YES;
				GCC_WARN_ABOUT_RETURN_TYPE = YES_ERROR;
				GCC_WARN_UNDECLARED_SELECTOR = YES;
				GCC_WARN_UNINITIALIZED_AUTOS = YES_AGGRESSIVE;
				GCC_WARN_UNUSED_FUNCTION = YES;
				GCC_WARN_UNUSED_VARIABLE = YES;
				MACOSX_DEPLOYMENT_TARGET = 10.15;
				MTL_ENABLE_DEBUG_INFO = INCLUDE_SOURCE;
				MTL_FAST_MATH = YES;
				ONLY_ACTIVE_ARCH = YES;
				SDKROOT = macosx;
				SWIFT_ACTIVE_COMPILATION_CONDITIONS = DEBUG;
				SWIFT_OPTIMIZATION_LEVEL = "-Onone";
			};
			name = Debug;
		};
		933DB0B2257DB88800CB6FF8 /* Release */ = {
			isa = XCBuildConfiguration;
			buildSettings = {
				ALWAYS_SEARCH_USER_PATHS = NO;
				CLANG_ANALYZER_NONNULL = YES;
				CLANG_ANALYZER_NUMBER_OBJECT_CONVERSION = YES_AGGRESSIVE;
				CLANG_CXX_LANGUAGE_STANDARD = "gnu++14";
				CLANG_CXX_LIBRARY = "libc++";
				CLANG_ENABLE_MODULES = YES;
				CLANG_ENABLE_OBJC_ARC = YES;
				CLANG_ENABLE_OBJC_WEAK = YES;
				CLANG_WARN_BLOCK_CAPTURE_AUTORELEASING = YES;
				CLANG_WARN_BOOL_CONVERSION = YES;
				CLANG_WARN_COMMA = YES;
				CLANG_WARN_CONSTANT_CONVERSION = YES;
				CLANG_WARN_DEPRECATED_OBJC_IMPLEMENTATIONS = YES;
				CLANG_WARN_DIRECT_OBJC_ISA_USAGE = YES_ERROR;
				CLANG_WARN_DOCUMENTATION_COMMENTS = YES;
				CLANG_WARN_EMPTY_BODY = YES;
				CLANG_WARN_ENUM_CONVERSION = YES;
				CLANG_WARN_INFINITE_RECURSION = YES;
				CLANG_WARN_INT_CONVERSION = YES;
				CLANG_WARN_NON_LITERAL_NULL_CONVERSION = YES;
				CLANG_WARN_OBJC_IMPLICIT_RETAIN_SELF = YES;
				CLANG_WARN_OBJC_LITERAL_CONVERSION = YES;
				CLANG_WARN_OBJC_ROOT_CLASS = YES_ERROR;
				CLANG_WARN_QUOTED_INCLUDE_IN_FRAMEWORK_HEADER = YES;
				CLANG_WARN_RANGE_LOOP_ANALYSIS = YES;
				CLANG_WARN_STRICT_PROTOTYPES = YES;
				CLANG_WARN_SUSPICIOUS_MOVE = YES;
				CLANG_WARN_UNGUARDED_AVAILABILITY = YES_AGGRESSIVE;
				CLANG_WARN_UNREACHABLE_CODE = YES;
				CLANG_WARN__DUPLICATE_METHOD_MATCH = YES;
				COPY_PHASE_STRIP = NO;
				DEBUG_INFORMATION_FORMAT = "dwarf-with-dsym";
				ENABLE_NS_ASSERTIONS = NO;
				ENABLE_STRICT_OBJC_MSGSEND = YES;
				GCC_C_LANGUAGE_STANDARD = gnu11;
				GCC_NO_COMMON_BLOCKS = YES;
				GCC_WARN_64_TO_32_BIT_CONVERSION = YES;
				GCC_WARN_ABOUT_RETURN_TYPE = YES_ERROR;
				GCC_WARN_UNDECLARED_SELECTOR = YES;
				GCC_WARN_UNINITIALIZED_AUTOS = YES_AGGRESSIVE;
				GCC_WARN_UNUSED_FUNCTION = YES;
				GCC_WARN_UNUSED_VARIABLE = YES;
				MACOSX_DEPLOYMENT_TARGET = 10.15;
				MTL_ENABLE_DEBUG_INFO = NO;
				MTL_FAST_MATH = YES;
				SDKROOT = macosx;
				SWIFT_COMPILATION_MODE = wholemodule;
				SWIFT_OPTIMIZATION_LEVEL = "-O";
			};
			name = Release;
		};
		933DB0B4257DB88800CB6FF8 /* Debug */ = {
			isa = XCBuildConfiguration;
			buildSettings = {
				CODE_SIGN_STYLE = Automatic;
				DEVELOPMENT_TEAM = 8G43M5CX79;
				ENABLE_HARDENED_RUNTIME = YES;
				PRODUCT_NAME = "$(TARGET_NAME)";
				SWIFT_VERSION = 5.0;
			};
			name = Debug;
		};
		933DB0B5257DB88800CB6FF8 /* Release */ = {
			isa = XCBuildConfiguration;
			buildSettings = {
				CODE_SIGN_STYLE = Automatic;
				DEVELOPMENT_TEAM = 8G43M5CX79;
				ENABLE_HARDENED_RUNTIME = YES;
				PRODUCT_NAME = "$(TARGET_NAME)";
				SWIFT_VERSION = 5.0;
			};
			name = Release;
		};
/* End XCBuildConfiguration section */

/* Begin XCConfigurationList section */
		933DB0A7257DB88800CB6FF8 /* Build configuration list for PBXProject "Rubik'sCube" */ = {
			isa = XCConfigurationList;
			buildConfigurations = (
				933DB0B1257DB88800CB6FF8 /* Debug */,
				933DB0B2257DB88800CB6FF8 /* Release */,
			);
			defaultConfigurationIsVisible = 0;
			defaultConfigurationName = Release;
		};
		933DB0B3257DB88800CB6FF8 /* Build configuration list for PBXNativeTarget "Rubik'sCube" */ = {
			isa = XCConfigurationList;
			buildConfigurations = (
				933DB0B4257DB88800CB6FF8 /* Debug */,
				933DB0B5257DB88800CB6FF8 /* Release */,
			);
			defaultConfigurationIsVisible = 0;
			defaultConfigurationName = Release;
		};
/* End XCConfigurationList section */
	};
	rootObject = 933DB0A4257DB88800CB6FF8 /* Project object */;
}
